// !$*UTF8*$!
{
	archiveVersion = 1;
	classes = {
	};
	objectVersion = 50;
	objects = {

/* Begin PBXBuildFile section */
		1B13E00B249416B4006BDC8A /* AppDelegate.swift in Sources */ = {isa = PBXBuildFile; fileRef = 1B13E00A249416B4006BDC8A /* AppDelegate.swift */; };
		1B13E00F249416B4006BDC8A /* Actions.sks in Resources */ = {isa = PBXBuildFile; fileRef = 1B13E00E249416B4006BDC8A /* Actions.sks */; };
		1B13E011249416B4006BDC8A /* GameScene.swift in Sources */ = {isa = PBXBuildFile; fileRef = 1B13E010249416B4006BDC8A /* GameScene.swift */; };
		1B13E013249416B4006BDC8A /* GameViewController.swift in Sources */ = {isa = PBXBuildFile; fileRef = 1B13E012249416B4006BDC8A /* GameViewController.swift */; };
		1B13E016249416B4006BDC8A /* Main.storyboard in Resources */ = {isa = PBXBuildFile; fileRef = 1B13E014249416B4006BDC8A /* Main.storyboard */; };
		1B13E018249416B8006BDC8A /* Assets.xcassets in Resources */ = {isa = PBXBuildFile; fileRef = 1B13E017249416B8006BDC8A /* Assets.xcassets */; };
		1B13E01B249416B8006BDC8A /* LaunchScreen.storyboard in Resources */ = {isa = PBXBuildFile; fileRef = 1B13E019249416B8006BDC8A /* LaunchScreen.storyboard */; };
		1B13E02324971D11006BDC8A /* GameScene.sks in Resources */ = {isa = PBXBuildFile; fileRef = 1B13E02224971D11006BDC8A /* GameScene.sks */; };
		1B13E025249720FE006BDC8A /* Hero.sks in Resources */ = {isa = PBXBuildFile; fileRef = 1B13E024249720FE006BDC8A /* Hero.sks */; };
		1BBA6C4A2499F37D00884642 /* MSButtonNode.swift in Sources */ = {isa = PBXBuildFile; fileRef = 1BBA6C492499F37D00884642 /* MSButtonNode.swift */; };
		1BBA6C4C249C09A100884642 /* GameEffects.sks in Resources */ = {isa = PBXBuildFile; fileRef = 1BBA6C4B249C09A100884642 /* GameEffects.sks */; };
		1BBBBAFA24988DFF0027726D /* cgfloat+extensions.swift in Sources */ = {isa = PBXBuildFile; fileRef = 1BBBBAF924988DFF0027726D /* cgfloat+extensions.swift */; };
		1BBBBAFC2499D9340027726D /* Obstacle.sks in Resources */ = {isa = PBXBuildFile; fileRef = 1BBBBAFB2499D9340027726D /* Obstacle.sks */; };
/* End PBXBuildFile section */

/* Begin PBXFileReference section */
		1B13E007249416B4006BDC8A /* HoppyBunny.app */ = {isa = PBXFileReference; explicitFileType = wrapper.application; includeInIndex = 0; path = HoppyBunny.app; sourceTree = BUILT_PRODUCTS_DIR; };
		1B13E00A249416B4006BDC8A /* AppDelegate.swift */ = {isa = PBXFileReference; lastKnownFileType = sourcecode.swift; path = AppDelegate.swift; sourceTree = "<group>"; };
		1B13E00E249416B4006BDC8A /* Actions.sks */ = {isa = PBXFileReference; lastKnownFileType = file.sks; path = Actions.sks; sourceTree = "<group>"; };
		1B13E010249416B4006BDC8A /* GameScene.swift */ = {isa = PBXFileReference; lastKnownFileType = sourcecode.swift; path = GameScene.swift; sourceTree = "<group>"; };
		1B13E012249416B4006BDC8A /* GameViewController.swift */ = {isa = PBXFileReference; lastKnownFileType = sourcecode.swift; path = GameViewController.swift; sourceTree = "<group>"; };
		1B13E015249416B4006BDC8A /* Base */ = {isa = PBXFileReference; lastKnownFileType = file.storyboard; name = Base; path = Base.lproj/Main.storyboard; sourceTree = "<group>"; };
		1B13E017249416B8006BDC8A /* Assets.xcassets */ = {isa = PBXFileReference; lastKnownFileType = folder.assetcatalog; path = Assets.xcassets; sourceTree = "<group>"; };
		1B13E01A249416B8006BDC8A /* Base */ = {isa = PBXFileReference; lastKnownFileType = file.storyboard; name = Base; path = Base.lproj/LaunchScreen.storyboard; sourceTree = "<group>"; };
		1B13E01C249416B8006BDC8A /* Info.plist */ = {isa = PBXFileReference; lastKnownFileType = text.plist.xml; path = Info.plist; sourceTree = "<group>"; };
		1B13E02224971D11006BDC8A /* GameScene.sks */ = {isa = PBXFileReference; lastKnownFileType = file.sks; path = GameScene.sks; sourceTree = "<group>"; };
		1B13E024249720FE006BDC8A /* Hero.sks */ = {isa = PBXFileReference; lastKnownFileType = file.sks; path = Hero.sks; sourceTree = "<group>"; };
		1BBA6C492499F37D00884642 /* MSButtonNode.swift */ = {isa = PBXFileReference; lastKnownFileType = sourcecode.swift; path = MSButtonNode.swift; sourceTree = "<group>"; };
		1BBA6C4B249C09A100884642 /* GameEffects.sks */ = {isa = PBXFileReference; lastKnownFileType = file.sks; path = GameEffects.sks; sourceTree = "<group>"; };
		1BBBBAF924988DFF0027726D /* cgfloat+extensions.swift */ = {isa = PBXFileReference; lastKnownFileType = sourcecode.swift; path = "cgfloat+extensions.swift"; sourceTree = "<group>"; };
		1BBBBAFB2499D9340027726D /* Obstacle.sks */ = {isa = PBXFileReference; lastKnownFileType = file.sks; path = Obstacle.sks; sourceTree = "<group>"; };
/* End PBXFileReference section */

/* Begin PBXFrameworksBuildPhase section */
		1B13E004249416B4006BDC8A /* Frameworks */ = {
			isa = PBXFrameworksBuildPhase;
			buildActionMask = 2147483647;
			files = (
			);
			runOnlyForDeploymentPostprocessing = 0;
		};
/* End PBXFrameworksBuildPhase section */

/* Begin PBXGroup section */
		1B13DFFE249416B3006BDC8A = {
			isa = PBXGroup;
			children = (
				1B13E009249416B4006BDC8A /* HoppyBunny */,
				1B13E008249416B4006BDC8A /* Products */,
			);
			sourceTree = "<group>";
		};
		1B13E008249416B4006BDC8A /* Products */ = {
			isa = PBXGroup;
			children = (
				1B13E007249416B4006BDC8A /* HoppyBunny.app */,
			);
			name = Products;
			sourceTree = "<group>";
		};
		1B13E009249416B4006BDC8A /* HoppyBunny */ = {
			isa = PBXGroup;
			children = (
				1B13E00A249416B4006BDC8A /* AppDelegate.swift */,
				1B13E02224971D11006BDC8A /* GameScene.sks */,
				1BBBBAF924988DFF0027726D /* cgfloat+extensions.swift */,
				1B13E024249720FE006BDC8A /* Hero.sks */,
				1B13E00E249416B4006BDC8A /* Actions.sks */,
				1B13E010249416B4006BDC8A /* GameScene.swift */,
				1BBA6C4B249C09A100884642 /* GameEffects.sks */,
				1BBA6C492499F37D00884642 /* MSButtonNode.swift */,
				1BBBBAFB2499D9340027726D /* Obstacle.sks */,
				1B13E012249416B4006BDC8A /* GameViewController.swift */,
				1B13E014249416B4006BDC8A /* Main.storyboard */,
				1B13E017249416B8006BDC8A /* Assets.xcassets */,
				1B13E019249416B8006BDC8A /* LaunchScreen.storyboard */,
				1B13E01C249416B8006BDC8A /* Info.plist */,
			);
			path = HoppyBunny;
			sourceTree = "<group>";
		};
/* End PBXGroup section */

/* Begin PBXNativeTarget section */
		1B13E006249416B4006BDC8A /* HoppyBunny */ = {
			isa = PBXNativeTarget;
			buildConfigurationList = 1B13E01F249416B8006BDC8A /* Build configuration list for PBXNativeTarget "HoppyBunny" */;
			buildPhases = (
				1B13E003249416B4006BDC8A /* Sources */,
				1B13E004249416B4006BDC8A /* Frameworks */,
				1B13E005249416B4006BDC8A /* Resources */,
			);
			buildRules = (
			);
			dependencies = (
			);
			name = HoppyBunny;
			productName = HoppyBunny;
			productReference = 1B13E007249416B4006BDC8A /* HoppyBunny.app */;
			productType = "com.apple.product-type.application";
		};
/* End PBXNativeTarget section */

/* Begin PBXProject section */
		1B13DFFF249416B3006BDC8A /* Project object */ = {
			isa = PBXProject;
			attributes = {
				LastSwiftUpdateCheck = 1150;
				LastUpgradeCheck = 1150;
				ORGANIZATIONNAME = "Benjamin Simpson";
				TargetAttributes = {
					1B13E006249416B4006BDC8A = {
						CreatedOnToolsVersion = 11.5;
					};
				};
			};
			buildConfigurationList = 1B13E002249416B3006BDC8A /* Build configuration list for PBXProject "HoppyBunny" */;
			compatibilityVersion = "Xcode 9.3";
			developmentRegion = en;
			hasScannedForEncodings = 0;
			knownRegions = (
				en,
				Base,
			);
			mainGroup = 1B13DFFE249416B3006BDC8A;
			productRefGroup = 1B13E008249416B4006BDC8A /* Products */;
			projectDirPath = "";
			projectRoot = "";
			targets = (
				1B13E006249416B4006BDC8A /* HoppyBunny */,
			);
		};
/* End PBXProject section */

/* Begin PBXResourcesBuildPhase section */
		1B13E005249416B4006BDC8A /* Resources */ = {
			isa = PBXResourcesBuildPhase;
			buildActionMask = 2147483647;
			files = (
				1BBA6C4C249C09A100884642 /* GameEffects.sks in Resources */,
				1B13E016249416B4006BDC8A /* Main.storyboard in Resources */,
				1B13E02324971D11006BDC8A /* GameScene.sks in Resources */,
				1B13E018249416B8006BDC8A /* Assets.xcassets in Resources */,
				1B13E025249720FE006BDC8A /* Hero.sks in Resources */,
				1B13E01B249416B8006BDC8A /* LaunchScreen.storyboard in Resources */,
				1B13E00F249416B4006BDC8A /* Actions.sks in Resources */,
				1BBBBAFC2499D9340027726D /* Obstacle.sks in Resources */,
			);
			runOnlyForDeploymentPostprocessing = 0;
		};
/* End PBXResourcesBuildPhase section */

/* Begin PBXSourcesBuildPhase section */
		1B13E003249416B4006BDC8A /* Sources */ = {
			isa = PBXSourcesBuildPhase;
			buildActionMask = 2147483647;
			files = (
				1B13E011249416B4006BDC8A /* GameScene.swift in Sources */,
				1B13E013249416B4006BDC8A /* GameViewController.swift in Sources */,
				1BBA6C4A2499F37D00884642 /* MSButtonNode.swift in Sources */,
				1BBBBAFA24988DFF0027726D /* cgfloat+extensions.swift in Sources */,
				1B13E00B249416B4006BDC8A /* AppDelegate.swift in Sources */,
			);
			runOnlyForDeploymentPostprocessing = 0;
		};
/* End PBXSourcesBuildPhase section */

/* Begin PBXVariantGroup section */
		1B13E014249416B4006BDC8A /* Main.storyboard */ = {
			isa = PBXVariantGroup;
			children = (
				1B13E015249416B4006BDC8A /* Base */,
			);
			name = Main.storyboard;
			sourceTree = "<group>";
		};
		1B13E019249416B8006BDC8A /* LaunchScreen.storyboard */ = {
			isa = PBXVariantGroup;
			children = (
				1B13E01A249416B8006BDC8A /* Base */,
			);
			name = LaunchScreen.storyboard;
			sourceTree = "<group>";
		};
/* End PBXVariantGroup section */

/* Begin XCBuildConfiguration section */
		1B13E01D249416B8006BDC8A /* Debug */ = {
			isa = XCBuildConfiguration;
			buildSettings = {
				ALWAYS_SEARCH_USER_PATHS = NO;
				CLANG_ANALYZER_NONNULL = YES;
				CLANG_ANALYZER_NUMBER_OBJECT_CONVERSION = YES_AGGRESSIVE;
				CLANG_CXX_LANGUAGE_STANDARD = "gnu++14";
				CLANG_CXX_LIBRARY = "libc++";
				CLANG_ENABLE_MODULES = YES;
				CLANG_ENABLE_OBJC_ARC = YES;
				CLANG_ENABLE_OBJC_WEAK = YES;
				CLANG_WARN_BLOCK_CAPTURE_AUTORELEASING = YES;
				CLANG_WARN_BOOL_CONVERSION = YES;
				CLANG_WARN_COMMA = YES;
				CLANG_WARN_CONSTANT_CONVERSION = YES;
				CLANG_WARN_DEPRECATED_OBJC_IMPLEMENTATIONS = YES;
				CLANG_WARN_DIRECT_OBJC_ISA_USAGE = YES_ERROR;
				CLANG_WARN_DOCUMENTATION_COMMENTS = YES;
				CLANG_WARN_EMPTY_BODY = YES;
				CLANG_WARN_ENUM_CONVERSION = YES;
				CLANG_WARN_INFINITE_RECURSION = YES;
				CLANG_WARN_INT_CONVERSION = YES;
				CLANG_WARN_NON_LITERAL_NULL_CONVERSION = YES;
				CLANG_WARN_OBJC_IMPLICIT_RETAIN_SELF = YES;
				CLANG_WARN_OBJC_LITERAL_CONVERSION = YES;
				CLANG_WARN_OBJC_ROOT_CLASS = YES_ERROR;
				CLANG_WARN_RANGE_LOOP_ANALYSIS = YES;
				CLANG_WARN_STRICT_PROTOTYPES = YES;
				CLANG_WARN_SUSPICIOUS_MOVE = YES;
				CLANG_WARN_UNGUARDED_AVAILABILITY = YES_AGGRESSIVE;
				CLANG_WARN_UNREACHABLE_CODE = YES;
				CLANG_WARN__DUPLICATE_METHOD_MATCH = YES;
				COPY_PHASE_STRIP = NO;
				DEBUG_INFORMATION_FORMAT = dwarf;
				ENABLE_STRICT_OBJC_MSGSEND = YES;
				ENABLE_TESTABILITY = YES;
				GCC_C_LANGUAGE_STANDARD = gnu11;
				GCC_DYNAMIC_NO_PIC = NO;
				GCC_NO_COMMON_BLOCKS = YES;
				GCC_OPTIMIZATION_LEVEL = 0;
				GCC_PREPROCESSOR_DEFINITIONS = (
					"DEBUG=1",
					"$(inherited)",
				);
				GCC_WARN_64_TO_32_BIT_CONVERSION = YES;
				GCC_WARN_ABOUT_RETURN_TYPE = YES_ERROR;
				GCC_WARN_UNDECLARED_SELECTOR = YES;
				GCC_WARN_UNINITIALIZED_AUTOS = YES_AGGRESSIVE;
				GCC_WARN_UNUSED_FUNCTION = YES;
				GCC_WARN_UNUSED_VARIABLE = YES;
				IPHONEOS_DEPLOYMENT_TARGET = 13.5;
				MTL_ENABLE_DEBUG_INFO = INCLUDE_SOURCE;
				MTL_FAST_MATH = YES;
				ONLY_ACTIVE_ARCH = YES;
				SDKROOT = iphoneos;
				SWIFT_ACTIVE_COMPILATION_CONDITIONS = DEBUG;
				SWIFT_OPTIMIZATION_LEVEL = "-Onone";
			};
			name = Debug;
		};
		1B13E01E249416B8006BDC8A /* Release */ = {
			isa = XCBuildConfiguration;
			buildSettings = {
				ALWAYS_SEARCH_USER_PATHS = NO;
				CLANG_ANALYZER_NONNULL = YES;
				CLANG_ANALYZER_NUMBER_OBJECT_CONVERSION = YES_AGGRESSIVE;
				CLANG_CXX_LANGUAGE_STANDARD = "gnu++14";
				CLANG_CXX_LIBRARY = "libc++";
				CLANG_ENABLE_MODULES = YES;
				CLANG_ENABLE_OBJC_ARC = YES;
				CLANG_ENABLE_OBJC_WEAK = YES;
				CLANG_WARN_BLOCK_CAPTURE_AUTORELEASING = YES;
				CLANG_WARN_BOOL_CONVERSION = YES;
				CLANG_WARN_COMMA = YES;
				CLANG_WARN_CONSTANT_CONVERSION = YES;
				CLANG_WARN_DEPRECATED_OBJC_IMPLEMENTATIONS = YES;
				CLANG_WARN_DIRECT_OBJC_ISA_USAGE = YES_ERROR;
				CLANG_WARN_DOCUMENTATION_COMMENTS = YES;
				CLANG_WARN_EMPTY_BODY = YES;
				CLANG_WARN_ENUM_CONVERSION = YES;
				CLANG_WARN_INFINITE_RECURSION = YES;
				CLANG_WARN_INT_CONVERSION = YES;
				CLANG_WARN_NON_LITERAL_NULL_CONVERSION = YES;
				CLANG_WARN_OBJC_IMPLICIT_RETAIN_SELF = YES;
				CLANG_WARN_OBJC_LITERAL_CONVERSION = YES;
				CLANG_WARN_OBJC_ROOT_CLASS = YES_ERROR;
				CLANG_WARN_RANGE_LOOP_ANALYSIS = YES;
				CLANG_WARN_STRICT_PROTOTYPES = YES;
				CLANG_WARN_SUSPICIOUS_MOVE = YES;
				CLANG_WARN_UNGUARDED_AVAILABILITY = YES_AGGRESSIVE;
				CLANG_WARN_UNREACHABLE_CODE = YES;
				CLANG_WARN__DUPLICATE_METHOD_MATCH = YES;
				COPY_PHASE_STRIP = NO;
				DEBUG_INFORMATION_FORMAT = "dwarf-with-dsym";
				ENABLE_NS_ASSERTIONS = NO;
				ENABLE_STRICT_OBJC_MSGSEND = YES;
				GCC_C_LANGUAGE_STANDARD = gnu11;
				GCC_NO_COMMON_BLOCKS = YES;
				GCC_WARN_64_TO_32_BIT_CONVERSION = YES;
				GCC_WARN_ABOUT_RETURN_TYPE = YES_ERROR;
				GCC_WARN_UNDECLARED_SELECTOR = YES;
				GCC_WARN_UNINITIALIZED_AUTOS = YES_AGGRESSIVE;
				GCC_WARN_UNUSED_FUNCTION = YES;
				GCC_WARN_UNUSED_VARIABLE = YES;
				IPHONEOS_DEPLOYMENT_TARGET = 13.5;
				MTL_ENABLE_DEBUG_INFO = NO;
				MTL_FAST_MATH = YES;
				SDKROOT = iphoneos;
				SWIFT_COMPILATION_MODE = wholemodule;
				SWIFT_OPTIMIZATION_LEVEL = "-O";
				VALIDATE_PRODUCT = YES;
			};
			name = Release;
		};
		1B13E020249416B8006BDC8A /* Debug */ = {
			isa = XCBuildConfiguration;
			buildSettings = {
				ASSETCATALOG_COMPILER_APPICON_NAME = AppIcon;
				CODE_SIGN_STYLE = Automatic;
				DEVELOPMENT_TEAM = 4KT624V79W;
				INFOPLIST_FILE = HoppyBunny/Info.plist;
				LD_RUNPATH_SEARCH_PATHS = (
					"$(inherited)",
					"@executable_path/Frameworks",
				);
				PRODUCT_BUNDLE_IDENTIFIER = com.makeschool.HoppyBunny;
				PRODUCT_NAME = "$(TARGET_NAME)";
				SWIFT_VERSION = 5.0;
				TARGETED_DEVICE_FAMILY = "1,2";
			};
			name = Debug;
		};
		1B13E021249416B8006BDC8A /* Release */ = {
			isa = XCBuildConfiguration;
			buildSettings = {
				ASSETCATALOG_COMPILER_APPICON_NAME = AppIcon;
				CODE_SIGN_STYLE = Automatic;
				DEVELOPMENT_TEAM = 4KT624V79W;
				INFOPLIST_FILE = HoppyBunny/Info.plist;
				LD_RUNPATH_SEARCH_PATHS = (
					"$(inherited)",
					"@executable_path/Frameworks",
				);
				PRODUCT_BUNDLE_IDENTIFIER = com.makeschool.HoppyBunny;
				PRODUCT_NAME = "$(TARGET_NAME)";
				SWIFT_VERSION = 5.0;
				TARGETED_DEVICE_FAMILY = "1,2";
			};
			name = Release;
		};
/* End XCBuildConfiguration section */

/* Begin XCConfigurationList section */
		1B13E002249416B3006BDC8A /* Build configuration list for PBXProject "HoppyBunny" */ = {
			isa = XCConfigurationList;
			buildConfigurations = (
				1B13E01D249416B8006BDC8A /* Debug */,
				1B13E01E249416B8006BDC8A /* Release */,
			);
			defaultConfigurationIsVisible = 0;
			defaultConfigurationName = Release;
		};
		1B13E01F249416B8006BDC8A /* Build configuration list for PBXNativeTarget "HoppyBunny" */ = {
			isa = XCConfigurationList;
			buildConfigurations = (
				1B13E020249416B8006BDC8A /* Debug */,
				1B13E021249416B8006BDC8A /* Release */,
			);
			defaultConfigurationIsVisible = 0;
			defaultConfigurationName = Release;
		};
/* End XCConfigurationList section */
	};
	rootObject = 1B13DFFF249416B3006BDC8A /* Project object */;
}
